
Microsoft Visual Studio Solution File, Format Version 12.00
# Visual Studio 15
Project("{FAE04EC0-301F-11D3-BF4B-00C04F79EFBC}") = "Invitae.CohortAnalysis.ConsoleApplication", "Invitae.CohortAnalysis\Invitae.CohortAnalysis.ConsoleApplication.csproj", "{3FDC178A-BF90-4D25-BA07-8547026559C7}"
EndProject
Project("{FAE04EC0-301F-11D3-BF4B-00C04F79EFBC}") = "Invitae.CohortAnalysis.Data", "Invitae.CohortAnalysis.Data\Invitae.CohortAnalysis.Data.csproj", "{0C47E37A-C162-4148-82F9-0DB4F5FDDEDF}"
EndProject
Project("{FAE04EC0-301F-11D3-BF4B-00C04F79EFBC}") = "Invitae.CohortAnalysis.Model", "Invitae.CohortAnalysis.Model\Invitae.CohortAnalysis.Model.csproj", "{6C626011-742A-4B35-98CA-C79530865DE8}"
EndProject
Project("{FAE04EC0-301F-11D3-BF4B-00C04F79EFBC}") = "Invitae.CohortAnalysis.Business", "Invitae.CohortAnalysis.Business\Invitae.CohortAnalysis.Business.csproj", "{BC112978-B98A-4146-B3CB-D340539C620D}"
EndProject
Project("{FAE04EC0-301F-11D3-BF4B-00C04F79EFBC}") = "Invitae.CohortAnalysis.Helpers", "Invitae.CohortAnalysis.Helpers\Invitae.CohortAnalysis.Helpers.csproj", "{4278A4DB-6CCF-4733-811C-44D48FDEE1D1}"
EndProject
Project("{FAE04EC0-301F-11D3-BF4B-00C04F79EFBC}") = "Invitae.CohortAnalysis.Business.Test", "Invitae.CohortAnalysis.Business.Test\Invitae.CohortAnalysis.Business.Test.csproj", "{2FE689B4-BD4C-4FF0-9CDE-FCE7F213ABE4}"
EndProject
Project("{FAE04EC0-301F-11D3-BF4B-00C04F79EFBC}") = "Invitae.CohortAnalysis.Data.Test", "Invitae.CohortAnalysis.Data.Test\Invitae.CohortAnalysis.Data.Test.csproj", "{5E465FC4-4D96-4729-8A2A-39EAEF779F6B}"
EndProject
Project("{FAE04EC0-301F-11D3-BF4B-00C04F79EFBC}") = "Invitae.CohortAnalysis.Helpers.Test", "Invitae.CohortAnalysis.Helpers.Test\Invitae.CohortAnalysis.Helpers.Test.csproj", "{AB81115E-3036-495B-ADDC-7DCA5E485382}"
EndProject
Project("{FAE04EC0-301F-11D3-BF4B-00C04F79EFBC}") = "Invitae.CohortAnalysis.Interfaces", "Invitae.CohortAnalysis.Interfaces\Invitae.CohortAnalysis.Interfaces.csproj", "{E801908E-86F8-456D-845C-AB6F674F0284}"
EndProject
Global
	GlobalSection(SolutionConfigurationPlatforms) = preSolution
		Debug|Any CPU = Debug|Any CPU
		Release|Any CPU = Release|Any CPU
	EndGlobalSection
	GlobalSection(ProjectConfigurationPlatforms) = postSolution
		{3FDC178A-BF90-4D25-BA07-8547026559C7}.Debug|Any CPU.ActiveCfg = Debug|Any CPU
		{3FDC178A-BF90-4D25-BA07-8547026559C7}.Debug|Any CPU.Build.0 = Debug|Any CPU
		{3FDC178A-BF90-4D25-BA07-8547026559C7}.Release|Any CPU.ActiveCfg = Release|Any CPU
		{3FDC178A-BF90-4D25-BA07-8547026559C7}.Release|Any CPU.Build.0 = Release|Any CPU
		{0C47E37A-C162-4148-82F9-0DB4F5FDDEDF}.Debug|Any CPU.ActiveCfg = Debug|Any CPU
		{0C47E37A-C162-4148-82F9-0DB4F5FDDEDF}.Debug|Any CPU.Build.0 = Debug|Any CPU
		{0C47E37A-C162-4148-82F9-0DB4F5FDDEDF}.Release|Any CPU.ActiveCfg = Release|Any CPU
		{0C47E37A-C162-4148-82F9-0DB4F5FDDEDF}.Release|Any CPU.Build.0 = Release|Any CPU
		{6C626011-742A-4B35-98CA-C79530865DE8}.Debug|Any CPU.ActiveCfg = Debug|Any CPU
		{6C626011-742A-4B35-98CA-C79530865DE8}.Debug|Any CPU.Build.0 = Debug|Any CPU
		{6C626011-742A-4B35-98CA-C79530865DE8}.Release|Any CPU.ActiveCfg = Release|Any CPU
		{6C626011-742A-4B35-98CA-C79530865DE8}.Release|Any CPU.Build.0 = Release|Any CPU
		{BC112978-B98A-4146-B3CB-D340539C620D}.Debug|Any CPU.ActiveCfg = Debug|Any CPU
		{BC112978-B98A-4146-B3CB-D340539C620D}.Debug|Any CPU.Build.0 = Debug|Any CPU
		{BC112978-B98A-4146-B3CB-D340539C620D}.Release|Any CPU.ActiveCfg = Release|Any CPU
		{BC112978-B98A-4146-B3CB-D340539C620D}.Release|Any CPU.Build.0 = Release|Any CPU
		{4278A4DB-6CCF-4733-811C-44D48FDEE1D1}.Debug|Any CPU.ActiveCfg = Debug|Any CPU
		{4278A4DB-6CCF-4733-811C-44D48FDEE1D1}.Debug|Any CPU.Build.0 = Debug|Any CPU
		{4278A4DB-6CCF-4733-811C-44D48FDEE1D1}.Release|Any CPU.ActiveCfg = Release|Any CPU
		{4278A4DB-6CCF-4733-811C-44D48FDEE1D1}.Release|Any CPU.Build.0 = Release|Any CPU
		{2FE689B4-BD4C-4FF0-9CDE-FCE7F213ABE4}.Debug|Any CPU.ActiveCfg = Debug|Any CPU
		{2FE689B4-BD4C-4FF0-9CDE-FCE7F213ABE4}.Debug|Any CPU.Build.0 = Debug|Any CPU
		{2FE689B4-BD4C-4FF0-9CDE-FCE7F213ABE4}.Release|Any CPU.ActiveCfg = Release|Any CPU
		{2FE689B4-BD4C-4FF0-9CDE-FCE7F213ABE4}.Release|Any CPU.Build.0 = Release|Any CPU
		{5E465FC4-4D96-4729-8A2A-39EAEF779F6B}.Debug|Any CPU.ActiveCfg = Debug|Any CPU
		{5E465FC4-4D96-4729-8A2A-39EAEF779F6B}.Debug|Any CPU.Build.0 = Debug|Any CPU
		{5E465FC4-4D96-4729-8A2A-39EAEF779F6B}.Release|Any CPU.ActiveCfg = Release|Any CPU
		{5E465FC4-4D96-4729-8A2A-39EAEF779F6B}.Release|Any CPU.Build.0 = Release|Any CPU
		{AB81115E-3036-495B-ADDC-7DCA5E485382}.Debug|Any CPU.ActiveCfg = Debug|Any CPU
		{AB81115E-3036-495B-ADDC-7DCA5E485382}.Debug|Any CPU.Build.0 = Debug|Any CPU
		{AB81115E-3036-495B-ADDC-7DCA5E485382}.Release|Any CPU.ActiveCfg = Release|Any CPU
		{AB81115E-3036-495B-ADDC-7DCA5E485382}.Release|Any CPU.Build.0 = Release|Any CPU
		{E801908E-86F8-456D-845C-AB6F674F0284}.Debug|Any CPU.ActiveCfg = Debug|Any CPU
		{E801908E-86F8-456D-845C-AB6F674F0284}.Debug|Any CPU.Build.0 = Debug|Any CPU
		{E801908E-86F8-456D-845C-AB6F674F0284}.Release|Any CPU.ActiveCfg = Release|Any CPU
		{E801908E-86F8-456D-845C-AB6F674F0284}.Release|Any CPU.Build.0 = Release|Any CPU
	EndGlobalSection
EndGlobal
